
Microsoft Visual Studio Solution File, Format Version 12.00
# Visual Studio 15
VisualStudioVersion = 15.0.28010.2041
MinimumVisualStudioVersion = 10.0.40219.1
Project("{2150E333-8FDC-42A3-9474-1A3956D46DE8}") = "Application", "Application", "{20339689-1A03-46B4-9C70-1DB1B2E9E679}"
EndProject
Project("{2150E333-8FDC-42A3-9474-1A3956D46DE8}") = "Domain", "Domain", "{8435F099-F2C1-47E9-B140-E33071C4527E}"
EndProject
Project("{2150E333-8FDC-42A3-9474-1A3956D46DE8}") = "Infrastructure", "Infrastructure", "{F970AE8F-8319-4A83-BA30-F031EF51BA45}"
EndProject
Project("{2150E333-8FDC-42A3-9474-1A3956D46DE8}") = "Repository", "Repository", "{D6AA27A3-E3D5-40A6-BC04-EDACA9C67C04}"
EndProject
Project("{FAE04EC0-301F-11D3-BF4B-00C04F79EFBC}") = "CenterApplicationTest", "CenterApplicationTest\CenterApplicationTest.csproj", "{E8599ACC-0365-4A58-9684-785DBCC68A8C}"
EndProject
Project("{FAE04EC0-301F-11D3-BF4B-00C04F79EFBC}") = "CenterEntities", "CenterEntities\CenterEntities.csproj", "{B8D1ACB4-3C2C-4932-81F3-F73F1C471FD0}"
EndProject
Project("{FAE04EC0-301F-11D3-BF4B-00C04F79EFBC}") = "CenterIService", "CenterIService\CenterIService.csproj", "{4AE712DA-F9C6-478C-BC08-23828D8029BB}"
EndProject
Project("{2150E333-8FDC-42A3-9474-1A3956D46DE8}") = "Interfaces", "Interfaces", "{28297057-38FF-4C17-89F8-B499C90FF95B}"
EndProject
Project("{2150E333-8FDC-42A3-9474-1A3956D46DE8}") = "Services", "Services", "{6D246AE4-3B9E-42F1-94B8-CAC30079676A}"
EndProject
Project("{FAE04EC0-301F-11D3-BF4B-00C04F79EFBC}") = "CentralServices", "CentralServices\CentralServices.csproj", "{D8FAA984-5F01-4E5D-A479-7B7F651C6C97}"
EndProject
Project("{FAE04EC0-301F-11D3-BF4B-00C04F79EFBC}") = "CenterRepository", "CenterRepository\CenterRepository.csproj", "{388E53C0-C573-44A8-A6D3-FABC92614D3C}"
EndProject
Project("{FAE04EC0-301F-11D3-BF4B-00C04F79EFBC}") = "CenterIRepository", "CenterIRepository\CenterIRepository.csproj", "{BC5CE56C-D6DA-42A5-BF16-525AB608B80D}"
EndProject
Global
	GlobalSection(SolutionConfigurationPlatforms) = preSolution
		Debug|Any CPU = Debug|Any CPU
		Debug|ARM = Debug|ARM
		Debug|x64 = Debug|x64
		Debug|x86 = Debug|x86
		Release|Any CPU = Release|Any CPU
		Release|ARM = Release|ARM
		Release|x64 = Release|x64
		Release|x86 = Release|x86
	EndGlobalSection
	GlobalSection(ProjectConfigurationPlatforms) = postSolution
		{E8599ACC-0365-4A58-9684-785DBCC68A8C}.Debug|Any CPU.ActiveCfg = Debug|Any CPU
		{E8599ACC-0365-4A58-9684-785DBCC68A8C}.Debug|Any CPU.Build.0 = Debug|Any CPU
		{E8599ACC-0365-4A58-9684-785DBCC68A8C}.Debug|ARM.ActiveCfg = Debug|Any CPU
		{E8599ACC-0365-4A58-9684-785DBCC68A8C}.Debug|ARM.Build.0 = Debug|Any CPU
		{E8599ACC-0365-4A58-9684-785DBCC68A8C}.Debug|x64.ActiveCfg = Debug|Any CPU
		{E8599ACC-0365-4A58-9684-785DBCC68A8C}.Debug|x64.Build.0 = Debug|Any CPU
		{E8599ACC-0365-4A58-9684-785DBCC68A8C}.Debug|x86.ActiveCfg = Debug|Any CPU
		{E8599ACC-0365-4A58-9684-785DBCC68A8C}.Debug|x86.Build.0 = Debug|Any CPU
		{E8599ACC-0365-4A58-9684-785DBCC68A8C}.Release|Any CPU.ActiveCfg = Release|Any CPU
		{E8599ACC-0365-4A58-9684-785DBCC68A8C}.Release|Any CPU.Build.0 = Release|Any CPU
		{E8599ACC-0365-4A58-9684-785DBCC68A8C}.Release|ARM.ActiveCfg = Release|Any CPU
		{E8599ACC-0365-4A58-9684-785DBCC68A8C}.Release|ARM.Build.0 = Release|Any CPU
		{E8599ACC-0365-4A58-9684-785DBCC68A8C}.Release|x64.ActiveCfg = Release|Any CPU
		{E8599ACC-0365-4A58-9684-785DBCC68A8C}.Release|x64.Build.0 = Release|Any CPU
		{E8599ACC-0365-4A58-9684-785DBCC68A8C}.Release|x86.ActiveCfg = Release|Any CPU
		{E8599ACC-0365-4A58-9684-785DBCC68A8C}.Release|x86.Build.0 = Release|Any CPU
		{B8D1ACB4-3C2C-4932-81F3-F73F1C471FD0}.Debug|Any CPU.ActiveCfg = Debug|Any CPU
		{B8D1ACB4-3C2C-4932-81F3-F73F1C471FD0}.Debug|Any CPU.Build.0 = Debug|Any CPU
		{B8D1ACB4-3C2C-4932-81F3-F73F1C471FD0}.Debug|ARM.ActiveCfg = Debug|Any CPU
		{B8D1ACB4-3C2C-4932-81F3-F73F1C471FD0}.Debug|ARM.Build.0 = Debug|Any CPU
		{B8D1ACB4-3C2C-4932-81F3-F73F1C471FD0}.Debug|x64.ActiveCfg = Debug|Any CPU
		{B8D1ACB4-3C2C-4932-81F3-F73F1C471FD0}.Debug|x64.Build.0 = Debug|Any CPU
		{B8D1ACB4-3C2C-4932-81F3-F73F1C471FD0}.Debug|x86.ActiveCfg = Debug|Any CPU
		{B8D1ACB4-3C2C-4932-81F3-F73F1C471FD0}.Debug|x86.Build.0 = Debug|Any CPU
		{B8D1ACB4-3C2C-4932-81F3-F73F1C471FD0}.Release|Any CPU.ActiveCfg = Release|Any CPU
		{B8D1ACB4-3C2C-4932-81F3-F73F1C471FD0}.Release|Any CPU.Build.0 = Release|Any CPU
		{B8D1ACB4-3C2C-4932-81F3-F73F1C471FD0}.Release|ARM.ActiveCfg = Release|Any CPU
		{B8D1ACB4-3C2C-4932-81F3-F73F1C471FD0}.Release|ARM.Build.0 = Release|Any CPU
		{B8D1ACB4-3C2C-4932-81F3-F73F1C471FD0}.Release|x64.ActiveCfg = Release|Any CPU
		{B8D1ACB4-3C2C-4932-81F3-F73F1C471FD0}.Release|x64.Build.0 = Release|Any CPU
		{B8D1ACB4-3C2C-4932-81F3-F73F1C471FD0}.Release|x86.ActiveCfg = Release|Any CPU
		{B8D1ACB4-3C2C-4932-81F3-F73F1C471FD0}.Release|x86.Build.0 = Release|Any CPU
		{4AE712DA-F9C6-478C-BC08-23828D8029BB}.Debug|Any CPU.ActiveCfg = Debug|Any CPU
		{4AE712DA-F9C6-478C-BC08-23828D8029BB}.Debug|Any CPU.Build.0 = Debug|Any CPU
		{4AE712DA-F9C6-478C-BC08-23828D8029BB}.Debug|ARM.ActiveCfg = Debug|Any CPU
		{4AE712DA-F9C6-478C-BC08-23828D8029BB}.Debug|ARM.Build.0 = Debug|Any CPU
		{4AE712DA-F9C6-478C-BC08-23828D8029BB}.Debug|x64.ActiveCfg = Debug|Any CPU
		{4AE712DA-F9C6-478C-BC08-23828D8029BB}.Debug|x64.Build.0 = Debug|Any CPU
		{4AE712DA-F9C6-478C-BC08-23828D8029BB}.Debug|x86.ActiveCfg = Debug|Any CPU
		{4AE712DA-F9C6-478C-BC08-23828D8029BB}.Debug|x86.Build.0 = Debug|Any CPU
		{4AE712DA-F9C6-478C-BC08-23828D8029BB}.Release|Any CPU.ActiveCfg = Release|Any CPU
		{4AE712DA-F9C6-478C-BC08-23828D8029BB}.Release|Any CPU.Build.0 = Release|Any CPU
		{4AE712DA-F9C6-478C-BC08-23828D8029BB}.Release|ARM.ActiveCfg = Release|Any CPU
		{4AE712DA-F9C6-478C-BC08-23828D8029BB}.Release|ARM.Build.0 = Release|Any CPU
		{4AE712DA-F9C6-478C-BC08-23828D8029BB}.Release|x64.ActiveCfg = Release|Any CPU
		{4AE712DA-F9C6-478C-BC08-23828D8029BB}.Release|x64.Build.0 = Release|Any CPU
		{4AE712DA-F9C6-478C-BC08-23828D8029BB}.Release|x86.ActiveCfg = Release|Any CPU
		{4AE712DA-F9C6-478C-BC08-23828D8029BB}.Release|x86.Build.0 = Release|Any CPU
		{D8FAA984-5F01-4E5D-A479-7B7F651C6C97}.Debug|Any CPU.ActiveCfg = Debug|Any CPU
		{D8FAA984-5F01-4E5D-A479-7B7F651C6C97}.Debug|Any CPU.Build.0 = Debug|Any CPU
		{D8FAA984-5F01-4E5D-A479-7B7F651C6C97}.Debug|ARM.ActiveCfg = Debug|Any CPU
		{D8FAA984-5F01-4E5D-A479-7B7F651C6C97}.Debug|ARM.Build.0 = Debug|Any CPU
		{D8FAA984-5F01-4E5D-A479-7B7F651C6C97}.Debug|x64.ActiveCfg = Debug|Any CPU
		{D8FAA984-5F01-4E5D-A479-7B7F651C6C97}.Debug|x64.Build.0 = Debug|Any CPU
		{D8FAA984-5F01-4E5D-A479-7B7F651C6C97}.Debug|x86.ActiveCfg = Debug|Any CPU
		{D8FAA984-5F01-4E5D-A479-7B7F651C6C97}.Debug|x86.Build.0 = Debug|Any CPU
		{D8FAA984-5F01-4E5D-A479-7B7F651C6C97}.Release|Any CPU.ActiveCfg = Release|Any CPU
		{D8FAA984-5F01-4E5D-A479-7B7F651C6C97}.Release|Any CPU.Build.0 = Release|Any CPU
		{D8FAA984-5F01-4E5D-A479-7B7F651C6C97}.Release|ARM.ActiveCfg = Release|Any CPU
		{D8FAA984-5F01-4E5D-A479-7B7F651C6C97}.Release|ARM.Build.0 = Release|Any CPU
		{D8FAA984-5F01-4E5D-A479-7B7F651C6C97}.Release|x64.ActiveCfg = Release|Any CPU
		{D8FAA984-5F01-4E5D-A479-7B7F651C6C97}.Release|x64.Build.0 = Release|Any CPU
		{D8FAA984-5F01-4E5D-A479-7B7F651C6C97}.Release|x86.ActiveCfg = Release|Any CPU
		{D8FAA984-5F01-4E5D-A479-7B7F651C6C97}.Release|x86.Build.0 = Release|Any CPU
		{388E53C0-C573-44A8-A6D3-FABC92614D3C}.Debug|Any CPU.ActiveCfg = Debug|Any CPU
		{388E53C0-C573-44A8-A6D3-FABC92614D3C}.Debug|Any CPU.Build.0 = Debug|Any CPU
		{388E53C0-C573-44A8-A6D3-FABC92614D3C}.Debug|ARM.ActiveCfg = Debug|Any CPU
		{388E53C0-C573-44A8-A6D3-FABC92614D3C}.Debug|ARM.Build.0 = Debug|Any CPU
		{388E53C0-C573-44A8-A6D3-FABC92614D3C}.Debug|x64.ActiveCfg = Debug|Any CPU
		{388E53C0-C573-44A8-A6D3-FABC92614D3C}.Debug|x64.Build.0 = Debug|Any CPU
		{388E53C0-C573-44A8-A6D3-FABC92614D3C}.Debug|x86.ActiveCfg = Debug|Any CPU
		{388E53C0-C573-44A8-A6D3-FABC92614D3C}.Debug|x86.Build.0 = Debug|Any CPU
		{388E53C0-C573-44A8-A6D3-FABC92614D3C}.Release|Any CPU.ActiveCfg = Release|Any CPU
		{388E53C0-C573-44A8-A6D3-FABC92614D3C}.Release|Any CPU.Build.0 = Release|Any CPU
		{388E53C0-C573-44A8-A6D3-FABC92614D3C}.Release|ARM.ActiveCfg = Release|Any CPU
		{388E53C0-C573-44A8-A6D3-FABC92614D3C}.Release|ARM.Build.0 = Release|Any CPU
		{388E53C0-C573-44A8-A6D3-FABC92614D3C}.Release|x64.ActiveCfg = Release|Any CPU
		{388E53C0-C573-44A8-A6D3-FABC92614D3C}.Release|x64.Build.0 = Release|Any CPU
		{388E53C0-C573-44A8-A6D3-FABC92614D3C}.Release|x86.ActiveCfg = Release|Any CPU
		{388E53C0-C573-44A8-A6D3-FABC92614D3C}.Release|x86.Build.0 = Release|Any CPU
		{BC5CE56C-D6DA-42A5-BF16-525AB608B80D}.Debug|Any CPU.ActiveCfg = Debug|Any CPU
		{BC5CE56C-D6DA-42A5-BF16-525AB608B80D}.Debug|Any CPU.Build.0 = Debug|Any CPU
		{BC5CE56C-D6DA-42A5-BF16-525AB608B80D}.Debug|ARM.ActiveCfg = Debug|Any CPU
		{BC5CE56C-D6DA-42A5-BF16-525AB608B80D}.Debug|ARM.Build.0 = Debug|Any CPU
		{BC5CE56C-D6DA-42A5-BF16-525AB608B80D}.Debug|x64.ActiveCfg = Debug|Any CPU
		{BC5CE56C-D6DA-42A5-BF16-525AB608B80D}.Debug|x64.Build.0 = Debug|Any CPU
		{BC5CE56C-D6DA-42A5-BF16-525AB608B80D}.Debug|x86.ActiveCfg = Debug|Any CPU
		{BC5CE56C-D6DA-42A5-BF16-525AB608B80D}.Debug|x86.Build.0 = Debug|Any CPU
		{BC5CE56C-D6DA-42A5-BF16-525AB608B80D}.Release|Any CPU.ActiveCfg = Release|Any CPU
		{BC5CE56C-D6DA-42A5-BF16-525AB608B80D}.Release|Any CPU.Build.0 = Release|Any CPU
		{BC5CE56C-D6DA-42A5-BF16-525AB608B80D}.Release|ARM.ActiveCfg = Release|Any CPU
		{BC5CE56C-D6DA-42A5-BF16-525AB608B80D}.Release|ARM.Build.0 = Release|Any CPU
		{BC5CE56C-D6DA-42A5-BF16-525AB608B80D}.Release|x64.ActiveCfg = Release|Any CPU
		{BC5CE56C-D6DA-42A5-BF16-525AB608B80D}.Release|x64.Build.0 = Release|Any CPU
		{BC5CE56C-D6DA-42A5-BF16-525AB608B80D}.Release|x86.ActiveCfg = Release|Any CPU
		{BC5CE56C-D6DA-42A5-BF16-525AB608B80D}.Release|x86.Build.0 = Release|Any CPU
	EndGlobalSection
	GlobalSection(SolutionProperties) = preSolution
		HideSolutionNode = FALSE
	EndGlobalSection
	GlobalSection(NestedProjects) = preSolution
		{D6AA27A3-E3D5-40A6-BC04-EDACA9C67C04} = {F970AE8F-8319-4A83-BA30-F031EF51BA45}
		{E8599ACC-0365-4A58-9684-785DBCC68A8C} = {20339689-1A03-46B4-9C70-1DB1B2E9E679}
		{B8D1ACB4-3C2C-4932-81F3-F73F1C471FD0} = {8435F099-F2C1-47E9-B140-E33071C4527E}
		{4AE712DA-F9C6-478C-BC08-23828D8029BB} = {28297057-38FF-4C17-89F8-B499C90FF95B}
		{28297057-38FF-4C17-89F8-B499C90FF95B} = {8435F099-F2C1-47E9-B140-E33071C4527E}
		{6D246AE4-3B9E-42F1-94B8-CAC30079676A} = {8435F099-F2C1-47E9-B140-E33071C4527E}
		{D8FAA984-5F01-4E5D-A479-7B7F651C6C97} = {6D246AE4-3B9E-42F1-94B8-CAC30079676A}
		{388E53C0-C573-44A8-A6D3-FABC92614D3C} = {D6AA27A3-E3D5-40A6-BC04-EDACA9C67C04}
		{BC5CE56C-D6DA-42A5-BF16-525AB608B80D} = {28297057-38FF-4C17-89F8-B499C90FF95B}
	EndGlobalSection
	GlobalSection(ExtensibilityGlobals) = postSolution
		SolutionGuid = {0E86BE33-D585-4EE9-8148-CAFB3FACA10E}
	EndGlobalSection
EndGlobal
